Microsoft Visual Studio Solution File, Format Version 12.00
# Visual Studio Version 17
VisualStudioVersion = 17.0.31903.59
MinimumVisualStudioVersion = 10.0.40219.1
Project("{2150E333-8FDC-42A3-9474-1A3956D46DE8}") = "src", "src", "{F12EEAA3-090D-486E-A16F-58D0DB94EE3D}"
EndProject
Project("{FAE04EC0-301F-11D3-BF4B-00C04F79EFBC}") = "Core", "src\Core\Core.csproj", "{1128F130-6DD4-4FA0-A052-0CD3E3BB4D5D}"
EndProject
Project("{FAE04EC0-301F-11D3-BF4B-00C04F79EFBC}") = "Infrastructure", "src\Infrastructure\Infrastructure.csproj", "{1A8D8EB1-6D7B-4EA0-BB0D-F4F92A17C294}"
EndProject
Project("{FAE04EC0-301F-11D3-BF4B-00C04F79EFBC}") = "Presentation.Wpf", "src\Presentation.Wpf\Presentation.Wpf.csproj", "{669C8BED-435E-4BB8-9FEC-3B7BAF6BCC1E}"
EndProject
Project("{FAE04EC0-301F-11D3-BF4B-00C04F79EFBC}") = "Modules.Takeoff2D", "src\Modules.Takeoff2D\Modules.Takeoff2D.csproj", "{5259FB96-C468-4C4C-9BFB-9FAEC831BBD4}"
EndProject
Project("{FAE04EC0-301F-11D3-BF4B-00C04F79EFBC}") = "Modules.Estimating", "src\Modules.Estimating\Modules.Estimating.csproj", "{52CC9B94-8425-4BF4-BB5C-808555929ADE}"
EndProject
Project("{FAE04EC0-301F-11D3-BF4B-00C04F79EFBC}") = "Modules.Reporting", "src\Modules.Reporting\Modules.Reporting.csproj", "{A5EF57F2-7FB1-4B44-99F8-A0F232C5C028}"
EndProject
Project("{2150E333-8FDC-42A3-9474-1A3956D46DE8}") = "tests", "tests", "{7C1C19B7-9288-4578-A212-9132C17B4E1D}"
EndProject
Project("{FAE04EC0-301F-11D3-BF4B-00C04F79EFBC}") = "Core.Tests", "tests\Core.Tests\Core.Tests.csproj", "{C2BF3F49-DF99-4430-ACE7-2223DCF529D3}"
EndProject
Global
    GlobalSection(SolutionConfigurationPlatforms) = preSolution
        Debug|Any CPU = Debug|Any CPU
        Release|Any CPU = Release|Any CPU
    EndGlobalSection
    GlobalSection(SolutionProperties) = preSolution
        HideSolutionNode = FALSE
    EndGlobalSection
    GlobalSection(ProjectConfigurationPlatforms) = postSolution
        {1128F130-6DD4-4FA0-A052-0CD3E3BB4D5D}.Debug|Any CPU.ActiveCfg = Debug|Any CPU
        {1128F130-6DD4-4FA0-A052-0CD3E3BB4D5D}.Debug|Any CPU.Build.0 = Debug|Any CPU
        {1128F130-6DD4-4FA0-A052-0CD3E3BB4D5D}.Release|Any CPU.ActiveCfg = Release|Any CPU
        {1128F130-6DD4-4FA0-A052-0CD3E3BB4D5D}.Release|Any CPU.Build.0 = Release|Any CPU
        {1A8D8EB1-6D7B-4EA0-BB0D-F4F92A17C294}.Debug|Any CPU.ActiveCfg = Debug|Any CPU
        {1A8D8EB1-6D7B-4EA0-BB0D-F4F92A17C294}.Debug|Any CPU.Build.0 = Debug|Any CPU
        {1A8D8EB1-6D7B-4EA0-BB0D-F4F92A17C294}.Release|Any CPU.ActiveCfg = Release|Any CPU
        {1A8D8EB1-6D7B-4EA0-BB0D-F4F92A17C294}.Release|Any CPU.Build.0 = Release|Any CPU
        {669C8BED-435E-4BB8-9FEC-3B7BAF6BCC1E}.Debug|Any CPU.ActiveCfg = Debug|Any CPU
        {669C8BED-435E-4BB8-9FEC-3B7BAF6BCC1E}.Debug|Any CPU.Build.0 = Debug|Any CPU
        {669C8BED-435E-4BB8-9FEC-3B7BAF6BCC1E}.Release|Any CPU.ActiveCfg = Release|Any CPU
        {669C8BED-435E-4BB8-9FEC-3B7BAF6BCC1E}.Release|Any CPU.Build.0 = Release|Any CPU
        {5259FB96-C468-4C4C-9BFB-9FAEC831BBD4}.Debug|Any CPU.ActiveCfg = Debug|Any CPU
        {5259FB96-C468-4C4C-9BFB-9FAEC831BBD4}.Debug|Any CPU.Build.0 = Debug|Any CPU
        {5259FB96-C468-4C4C-9BFB-9FAEC831BBD4}.Release|Any CPU.ActiveCfg = Release|Any CPU
        {5259FB96-C468-4C4C-9BFB-9FAEC831BBD4}.Release|Any CPU.Build.0 = Release|Any CPU
        {52CC9B94-8425-4BF4-BB5C-808555929ADE}.Debug|Any CPU.ActiveCfg = Debug|Any CPU
        {52CC9B94-8425-4BF4-BB5C-808555929ADE}.Debug|Any CPU.Build.0 = Debug|Any CPU
        {52CC9B94-8425-4BF4-BB5C-808555929ADE}.Release|Any CPU.ActiveCfg = Release|Any CPU
        {52CC9B94-8425-4BF4-BB5C-808555929ADE}.Release|Any CPU.Build.0 = Release|Any CPU
        {A5EF57F2-7FB1-4B44-99F8-A0F232C5C028}.Debug|Any CPU.ActiveCfg = Debug|Any CPU
        {A5EF57F2-7FB1-4B44-99F8-A0F232C5C028}.Debug|Any CPU.Build.0 = Debug|Any CPU
        {A5EF57F2-7FB1-4B44-99F8-A0F232C5C028}.Release|Any CPU.ActiveCfg = Release|Any CPU
        {A5EF57F2-7FB1-4B44-99F8-A0F232C5C028}.Release|Any CPU.Build.0 = Release|Any CPU
        {C2BF3F49-DF99-4430-ACE7-2223DCF529D3}.Debug|Any CPU.ActiveCfg = Debug|Any CPU
        {C2BF3F49-DF99-4430-ACE7-2223DCF529D3}.Debug|Any CPU.Build.0 = Debug|Any CPU
        {C2BF3F49-DF99-4430-ACE7-2223DCF529D3}.Release|Any CPU.ActiveCfg = Release|Any CPU
        {C2BF3F49-DF99-4430-ACE7-2223DCF529D3}.Release|Any CPU.Build.0 = Release|Any CPU
    EndGlobalSection
    GlobalSection(NestedProjects) = preSolution
        {1128F130-6DD4-4FA0-A052-0CD3E3BB4D5D} = {F12EEAA3-090D-486E-A16F-58D0DB94EE3D}
        {1A8D8EB1-6D7B-4EA0-BB0D-F4F92A17C294} = {F12EEAA3-090D-486E-A16F-58D0DB94EE3D}
        {669C8BED-435E-4BB8-9FEC-3B7BAF6BCC1E} = {F12EEAA3-090D-486E-A16F-58D0DB94EE3D}
        {5259FB96-C468-4C4C-9BFB-9FAEC831BBD4} = {F12EEAA3-090D-486E-A16F-58D0DB94EE3D}
        {52CC9B94-8425-4BF4-BB5C-808555929ADE} = {F12EEAA3-090D-486E-A16F-58D0DB94EE3D}
        {A5EF57F2-7FB1-4B44-99F8-A0F232C5C028} = {F12EEAA3-090D-486E-A16F-58D0DB94EE3D}
        {C2BF3F49-DF99-4430-ACE7-2223DCF529D3} = {7C1C19B7-9288-4578-A212-9132C17B4E1D}
    EndGlobalSection
EndGlobal
